// !$*UTF8*$!
{
	archiveVersion = 1;
	classes = {
	};
	objectVersion = 46;
	objects = {

/* Begin PBXBuildFile section */
		11015A0E1C231072002B5656 /* AppDelegate.swift in Sources */ = {isa = PBXBuildFile; fileRef = 11015A0D1C231072002B5656 /* AppDelegate.swift */; };
		11015A101C231072002B5656 /* ViewController.swift in Sources */ = {isa = PBXBuildFile; fileRef = 11015A0F1C231072002B5656 /* ViewController.swift */; };
		11015A131C231072002B5656 /* Main.storyboard in Resources */ = {isa = PBXBuildFile; fileRef = 11015A111C231072002B5656 /* Main.storyboard */; };
		11015A151C231072002B5656 /* Assets.xcassets in Resources */ = {isa = PBXBuildFile; fileRef = 11015A141C231072002B5656 /* Assets.xcassets */; };
		11015A181C231072002B5656 /* LaunchScreen.storyboard in Resources */ = {isa = PBXBuildFile; fileRef = 11015A161C231072002B5656 /* LaunchScreen.storyboard */; };
		11015A231C231072002B5656 /* RandomColorChangeTests.swift in Sources */ = {isa = PBXBuildFile; fileRef = 11015A221C231072002B5656 /* RandomColorChangeTests.swift */; };
		11015A2E1C231072002B5656 /* RandomColorChangeUITests.swift in Sources */ = {isa = PBXBuildFile; fileRef = 11015A2D1C231072002B5656 /* RandomColorChangeUITests.swift */; };
/* End PBXBuildFile section */

/* Begin PBXContainerItemProxy section */
		11015A1F1C231072002B5656 /* PBXContainerItemProxy */ = {
			isa = PBXContainerItemProxy;
			containerPortal = 11015A021C231071002B5656 /* Project object */;
			proxyType = 1;
			remoteGlobalIDString = 11015A091C231071002B5656;
			remoteInfo = RandomColorChange;
		};
		11015A2A1C231072002B5656 /* PBXContainerItemProxy */ = {
			isa = PBXContainerItemProxy;
			containerPortal = 11015A021C231071002B5656 /* Project object */;
			proxyType = 1;
			remoteGlobalIDString = 11015A091C231071002B5656;
			remoteInfo = RandomColorChange;
		};
/* End PBXContainerItemProxy section */

/* Begin PBXFileReference section */
		11015A0A1C231072002B5656 /* RandomColorChange.app */ = {isa = PBXFileReference; explicitFileType = wrapper.application; includeInIndex = 0; path = RandomColorChange.app; sourceTree = BUILT_PRODUCTS_DIR; };
		11015A0D1C231072002B5656 /* AppDelegate.swift */ = {isa = PBXFileReference; lastKnownFileType = sourcecode.swift; path = AppDelegate.swift; sourceTree = "<group>"; };
		11015A0F1C231072002B5656 /* ViewController.swift */ = {isa = PBXFileReference; lastKnownFileType = sourcecode.swift; path = ViewController.swift; sourceTree = "<group>"; };
		11015A121C231072002B5656 /* Base */ = {isa = PBXFileReference; lastKnownFileType = file.storyboard; name = Base; path = Base.lproj/Main.storyboard; sourceTree = "<group>"; };
		11015A141C231072002B5656 /* Assets.xcassets */ = {isa = PBXFileReference; lastKnownFileType = folder.assetcatalog; path = Assets.xcassets; sourceTree = "<group>"; };
		11015A171C231072002B5656 /* Base */ = {isa = PBXFileReference; lastKnownFileType = file.storyboard; name = Base; path = Base.lproj/LaunchScreen.storyboard; sourceTree = "<group>"; };
		11015A191C231072002B5656 /* Info.plist */ = {isa = PBXFileReference; lastKnownFileType = text.plist.xml; path = Info.plist; sourceTree = "<group>"; };
		11015A1E1C231072002B5656 /* RandomColorChangeTests.xctest */ = {isa = PBXFileReference; explicitFileType = wrapper.cfbundle; includeInIndex = 0; path = RandomColorChangeTests.xctest; sourceTree = BUILT_PRODUCTS_DIR; };
		11015A221C231072002B5656 /* RandomColorChangeTests.swift */ = {isa = PBXFileReference; lastKnownFileType = sourcecode.swift; path = RandomColorChangeTests.swift; sourceTree = "<group>"; };
		11015A241C231072002B5656 /* Info.plist */ = {isa = PBXFileReference; lastKnownFileType = text.plist.xml; path = Info.plist; sourceTree = "<group>"; };
		11015A291C231072002B5656 /* RandomColorChangeUITests.xctest */ = {isa = PBXFileReference; explicitFileType = wrapper.cfbundle; includeInIndex = 0; path = RandomColorChangeUITests.xctest; sourceTree = BUILT_PRODUCTS_DIR; };
		11015A2D1C231072002B5656 /* RandomColorChangeUITests.swift */ = {isa = PBXFileReference; lastKnownFileType = sourcecode.swift; path = RandomColorChangeUITests.swift; sourceTree = "<group>"; };
		11015A2F1C231072002B5656 /* Info.plist */ = {isa = PBXFileReference; lastKnownFileType = text.plist.xml; path = Info.plist; sourceTree = "<group>"; };
/* End PBXFileReference section */

/* Begin PBXFrameworksBuildPhase section */
		11015A071C231071002B5656 /* Frameworks */ = {
			isa = PBXFrameworksBuildPhase;
			buildActionMask = 2147483647;
			files = (
			);
			runOnlyForDeploymentPostprocessing = 0;
		};
		11015A1B1C231072002B5656 /* Frameworks */ = {
			isa = PBXFrameworksBuildPhase;
			buildActionMask = 2147483647;
			files = (
			);
			runOnlyForDeploymentPostprocessing = 0;
		};
		11015A261C231072002B5656 /* Frameworks */ = {
			isa = PBXFrameworksBuildPhase;
			buildActionMask = 2147483647;
			files = (
			);
			runOnlyForDeploymentPostprocessing = 0;
		};
/* End PBXFrameworksBuildPhase section */

/* Begin PBXGroup section */
		11015A011C231071002B5656 = {
			isa = PBXGroup;
			children = (
				11015A0C1C231072002B5656 /* RandomColorChange */,
				11015A211C231072002B5656 /* RandomColorChangeTests */,
				11015A2C1C231072002B5656 /* RandomColorChangeUITests */,
				11015A0B1C231072002B5656 /* Products */,
			);
			sourceTree = "<group>";
		};
		11015A0B1C231072002B5656 /* Products */ = {
			isa = PBXGroup;
			children = (
				11015A0A1C231072002B5656 /* RandomColorChange.app */,
				11015A1E1C231072002B5656 /* RandomColorChangeTests.xctest */,
				11015A291C231072002B5656 /* RandomColorChangeUITests.xctest */,
			);
			name = Products;
			sourceTree = "<group>";
		};
		11015A0C1C231072002B5656 /* RandomColorChange */ = {
			isa = PBXGroup;
			children = (
				11015A0D1C231072002B5656 /* AppDelegate.swift */,
				11015A0F1C231072002B5656 /* ViewController.swift */,
				11015A111C231072002B5656 /* Main.storyboard */,
				11015A141C231072002B5656 /* Assets.xcassets */,
				11015A161C231072002B5656 /* LaunchScreen.storyboard */,
				11015A191C231072002B5656 /* Info.plist */,
			);
			path = RandomColorChange;
			sourceTree = "<group>";
		};
		11015A211C231072002B5656 /* RandomColorChangeTests */ = {
			isa = PBXGroup;
			children = (
				11015A221C231072002B5656 /* RandomColorChangeTests.swift */,
				11015A241C231072002B5656 /* Info.plist */,
			);
			path = RandomColorChangeTests;
			sourceTree = "<group>";
		};
		11015A2C1C231072002B5656 /* RandomColorChangeUITests */ = {
			isa = PBXGroup;
			children = (
				11015A2D1C231072002B5656 /* RandomColorChangeUITests.swift */,
				11015A2F1C231072002B5656 /* Info.plist */,
			);
			path = RandomColorChangeUITests;
			sourceTree = "<group>";
		};
/* End PBXGroup section */

/* Begin PBXNativeTarget section */
		11015A091C231071002B5656 /* RandomColorChange */ = {
			isa = PBXNativeTarget;
			buildConfigurationList = 11015A321C231072002B5656 /* Build configuration list for PBXNativeTarget "RandomColorChange" */;
			buildPhases = (
				11015A061C231071002B5656 /* Sources */,
				11015A071C231071002B5656 /* Frameworks */,
				11015A081C231071002B5656 /* Resources */,
			);
			buildRules = (
			);
			dependencies = (
			);
			name = RandomColorChange;
			productName = RandomColorChange;
			productReference = 11015A0A1C231072002B5656 /* RandomColorChange.app */;
			productType = "com.apple.product-type.application";
		};
		11015A1D1C231072002B5656 /* RandomColorChangeTests */ = {
			isa = PBXNativeTarget;
			buildConfigurationList = 11015A351C231072002B5656 /* Build configuration list for PBXNativeTarget "RandomColorChangeTests" */;
			buildPhases = (
				11015A1A1C231072002B5656 /* Sources */,
				11015A1B1C231072002B5656 /* Frameworks */,
				11015A1C1C231072002B5656 /* Resources */,
			);
			buildRules = (
			);
			dependencies = (
				11015A201C231072002B5656 /* PBXTargetDependency */,
			);
			name = RandomColorChangeTests;
			productName = RandomColorChangeTests;
			productReference = 11015A1E1C231072002B5656 /* RandomColorChangeTests.xctest */;
			productType = "com.apple.product-type.bundle.unit-test";
		};
		11015A281C231072002B5656 /* RandomColorChangeUITests */ = {
			isa = PBXNativeTarget;
			buildConfigurationList = 11015A381C231072002B5656 /* Build configuration list for PBXNativeTarget "RandomColorChangeUITests" */;
			buildPhases = (
				11015A251C231072002B5656 /* Sources */,
				11015A261C231072002B5656 /* Frameworks */,
				11015A271C231072002B5656 /* Resources */,
			);
			buildRules = (
			);
			dependencies = (
				11015A2B1C231072002B5656 /* PBXTargetDependency */,
			);
			name = RandomColorChangeUITests;
			productName = RandomColorChangeUITests;
			productReference = 11015A291C231072002B5656 /* RandomColorChangeUITests.xctest */;
			productType = "com.apple.product-type.bundle.ui-testing";
		};
/* End PBXNativeTarget section */

/* Begin PBXProject section */
		11015A021C231071002B5656 /* Project object */ = {
			isa = PBXProject;
			attributes = {
				LastSwiftUpdateCheck = 0720;
				LastUpgradeCheck = 0720;
				ORGANIZATIONNAME = "Roberts, Joshua";
				TargetAttributes = {
					11015A091C231071002B5656 = {
						CreatedOnToolsVersion = 7.2;
					};
					11015A1D1C231072002B5656 = {
						CreatedOnToolsVersion = 7.2;
						TestTargetID = 11015A091C231071002B5656;
					};
					11015A281C231072002B5656 = {
						CreatedOnToolsVersion = 7.2;
						TestTargetID = 11015A091C231071002B5656;
					};
				};
			};
			buildConfigurationList = 11015A051C231071002B5656 /* Build configuration list for PBXProject "RandomColorChange" */;
			compatibilityVersion = "Xcode 3.2";
			developmentRegion = English;
			hasScannedForEncodings = 0;
			knownRegions = (
				en,
				Base,
			);
			mainGroup = 11015A011C231071002B5656;
			productRefGroup = 11015A0B1C231072002B5656 /* Products */;
			projectDirPath = "";
			projectRoot = "";
			targets = (
				11015A091C231071002B5656 /* RandomColorChange */,
				11015A1D1C231072002B5656 /* RandomColorChangeTests */,
				11015A281C231072002B5656 /* RandomColorChangeUITests */,
			);
		};
/* End PBXProject section */

/* Begin PBXResourcesBuildPhase section */
		11015A081C231071002B5656 /* Resources */ = {
			isa = PBXResourcesBuildPhase;
			buildActionMask = 2147483647;
			files = (
				11015A181C231072002B5656 /* LaunchScreen.storyboard in Resources */,
				11015A151C231072002B5656 /* Assets.xcassets in Resources */,
				11015A131C231072002B5656 /* Main.storyboard in Resources */,
			);
			runOnlyForDeploymentPostprocessing = 0;
		};
		11015A1C1C231072002B5656 /* Resources */ = {
			isa = PBXResourcesBuildPhase;
			buildActionMask = 2147483647;
			files = (
			);
			runOnlyForDeploymentPostprocessing = 0;
		};
		11015A271C231072002B5656 /* Resources */ = {
			isa = PBXResourcesBuildPhase;
			buildActionMask = 2147483647;
			files = (
			);
			runOnlyForDeploymentPostprocessing = 0;
		};
/* End PBXResourcesBuildPhase section */

/* Begin PBXSourcesBuildPhase section */
		11015A061C231071002B5656 /* Sources */ = {
			isa = PBXSourcesBuildPhase;
			buildActionMask = 2147483647;
			files = (
				11015A101C231072002B5656 /* ViewController.swift in Sources */,
				11015A0E1C231072002B5656 /* AppDelegate.swift in Sources */,
			);
			runOnlyForDeploymentPostprocessing = 0;
		};
		11015A1A1C231072002B5656 /* Sources */ = {
			isa = PBXSourcesBuildPhase;
			buildActionMask = 2147483647;
			files = (
				11015A231C231072002B5656 /* RandomColorChangeTests.swift in Sources */,
			);
			runOnlyForDeploymentPostprocessing = 0;
		};
		11015A251C231072002B5656 /* Sources */ = {
			isa = PBXSourcesBuildPhase;
			buildActionMask = 2147483647;
			files = (
				11015A2E1C231072002B5656 /* RandomColorChangeUITests.swift in Sources */,
			);
			runOnlyForDeploymentPostprocessing = 0;
		};
/* End PBXSourcesBuildPhase section */

/* Begin PBXTargetDependency section */
		11015A201C231072002B5656 /* PBXTargetDependency */ = {
			isa = PBXTargetDependency;
			target = 11015A091C231071002B5656 /* RandomColorChange */;
			targetProxy = 11015A1F1C231072002B5656 /* PBXContainerItemProxy */;
		};
		11015A2B1C231072002B5656 /* PBXTargetDependency */ = {
			isa = PBXTargetDependency;
			target = 11015A091C231071002B5656 /* RandomColorChange */;
			targetProxy = 11015A2A1C231072002B5656 /* PBXContainerItemProxy */;
		};
/* End PBXTargetDependency section */

/* Begin PBXVariantGroup section */
		11015A111C231072002B5656 /* Main.storyboard */ = {
			isa = PBXVariantGroup;
			children = (
				11015A121C231072002B5656 /* Base */,
			);
			name = Main.storyboard;
			sourceTree = "<group>";
		};
		11015A161C231072002B5656 /* LaunchScreen.storyboard */ = {
			isa = PBXVariantGroup;
			children = (
				11015A171C231072002B5656 /* Base */,
			);
			name = LaunchScreen.storyboard;
			sourceTree = "<group>";
		};
/* End PBXVariantGroup section */

/* Begin XCBuildConfiguration section */
		11015A301C231072002B5656 /* Debug */ = {
			isa = XCBuildConfiguration;
			buildSettings = {
				ALWAYS_SEARCH_USER_PATHS = NO;
				CLANG_CXX_LANGUAGE_STANDARD = "gnu++0x";
				CLANG_CXX_LIBRARY = "libc++";
				CLANG_ENABLE_MODULES = YES;
				CLANG_ENABLE_OBJC_ARC = YES;
				CLANG_WARN_BOOL_CONVERSION = YES;
				CLANG_WARN_CONSTANT_CONVERSION = YES;
				CLANG_WARN_DIRECT_OBJC_ISA_USAGE = YES_ERROR;
				CLANG_WARN_EMPTY_BODY = YES;
				CLANG_WARN_ENUM_CONVERSION = YES;
				CLANG_WARN_INT_CONVERSION = YES;
				CLANG_WARN_OBJC_ROOT_CLASS = YES_ERROR;
				CLANG_WARN_UNREACHABLE_CODE = YES;
				CLANG_WARN__DUPLICATE_METHOD_MATCH = YES;
				"CODE_SIGN_IDENTITY[sdk=iphoneos*]" = "iPhone Developer";
				COPY_PHASE_STRIP = NO;
				DEBUG_INFORMATION_FORMAT = dwarf;
				ENABLE_STRICT_OBJC_MSGSEND = YES;
				ENABLE_TESTABILITY = YES;
				GCC_C_LANGUAGE_STANDARD = gnu99;
				GCC_DYNAMIC_NO_PIC = NO;
				GCC_NO_COMMON_BLOCKS = YES;
				GCC_OPTIMIZATION_LEVEL = 0;
				GCC_PREPROCESSOR_DEFINITIONS = (
					"DEBUG=1",
					"$(inherited)",
				);
				GCC_WARN_64_TO_32_BIT_CONVERSION = YES;
				GCC_WARN_ABOUT_RETURN_TYPE = YES_ERROR;
				GCC_WARN_UNDECLARED_SELECTOR = YES;
				GCC_WARN_UNINITIALIZED_AUTOS = YES_AGGRESSIVE;
				GCC_WARN_UNUSED_FUNCTION = YES;
				GCC_WARN_UNUSED_VARIABLE = YES;
				IPHONEOS_DEPLOYMENT_TARGET = 9.2;
				MTL_ENABLE_DEBUG_INFO = YES;
				ONLY_ACTIVE_ARCH = YES;
				SDKROOT = iphoneos;
				SWIFT_OPTIMIZATION_LEVEL = "-Onone";
				TARGETED_DEVICE_FAMILY = "1,2";
			};
			name = Debug;
		};
		11015A311C231072002B5656 /* Release */ = {
			isa = XCBuildConfiguration;
			buildSettings = {
				ALWAYS_SEARCH_USER_PATHS = NO;
				CLANG_CXX_LANGUAGE_STANDARD = "gnu++0x";
				CLANG_CXX_LIBRARY = "libc++";
				CLANG_ENABLE_MODULES = YES;
				CLANG_ENABLE_OBJC_ARC = YES;
				CLANG_WARN_BOOL_CONVERSION = YES;
				CLANG_WARN_CONSTANT_CONVERSION = YES;
				CLANG_WARN_DIRECT_OBJC_ISA_USAGE = YES_ERROR;
				CLANG_WARN_EMPTY_BODY = YES;
				CLANG_WARN_ENUM_CONVERSION = YES;
				CLANG_WARN_INT_CONVERSION = YES;
				CLANG_WARN_OBJC_ROOT_CLASS = YES_ERROR;
				CLANG_WARN_UNREACHABLE_CODE = YES;
				CLANG_WARN__DUPLICATE_METHOD_MATCH = YES;
				"CODE_SIGN_IDENTITY[sdk=iphoneos*]" = "iPhone Developer";
				COPY_PHASE_STRIP = NO;
				DEBUG_INFORMATION_FORMAT = "dwarf-with-dsym";
				ENABLE_NS_ASSERTIONS = NO;
				ENABLE_STRICT_OBJC_MSGSEND = YES;
				GCC_C_LANGUAGE_STANDARD = gnu99;
				GCC_NO_COMMON_BLOCKS = YES;
				GCC_WARN_64_TO_32_BIT_CONVERSION = YES;
				GCC_WARN_ABOUT_RETURN_TYPE = YES_ERROR;
				GCC_WARN_UNDECLARED_SELECTOR = YES;
				GCC_WARN_UNINITIALIZED_AUTOS = YES_AGGRESSIVE;
				GCC_WARN_UNUSED_FUNCTION = YES;
				GCC_WARN_UNUSED_VARIABLE = YES;
				IPHONEOS_DEPLOYMENT_TARGET = 9.2;
				MTL_ENABLE_DEBUG_INFO = NO;
				SDKROOT = iphoneos;
				TARGETED_DEVICE_FAMILY = "1,2";
				VALIDATE_PRODUCT = YES;
			};
			name = Release;
		};
		11015A331C231072002B5656 /* Debug */ = {
			isa = XCBuildConfiguration;
			buildSettings = {
				ASSETCATALOG_COMPILER_APPICON_NAME = AppIcon;
				INFOPLIST_FILE = RandomColorChange/Info.plist;
				LD_RUNPATH_SEARCH_PATHS = "$(inherited) @executable_path/Frameworks";
				PRODUCT_BUNDLE_IDENTIFIER = ctec.RandomColorChange;
				PRODUCT_NAME = "$(TARGET_NAME)";
			};
			name = Debug;
		};
		11015A341C231072002B5656 /* Release */ = {
			isa = XCBuildConfiguration;
			buildSettings = {
				ASSETCATALOG_COMPILER_APPICON_NAME = AppIcon;
				INFOPLIST_FILE = RandomColorChange/Info.plist;
				LD_RUNPATH_SEARCH_PATHS = "$(inherited) @executable_path/Frameworks";
				PRODUCT_BUNDLE_IDENTIFIER = ctec.RandomColorChange;
				PRODUCT_NAME = "$(TARGET_NAME)";
			};
			name = Release;
		};
		11015A361C231072002B5656 /* Debug */ = {
			isa = XCBuildConfiguration;
			buildSettings = {
				BUNDLE_LOADER = "$(TEST_HOST)";
				INFOPLIST_FILE = RandomColorChangeTests/Info.plist;
				LD_RUNPATH_SEARCH_PATHS = "$(inherited) @executable_path/Frameworks @loader_path/Frameworks";
				PRODUCT_BUNDLE_IDENTIFIER = ctec.RandomColorChangeTests;
				PRODUCT_NAME = "$(TARGET_NAME)";
				TEST_HOST = "$(BUILT_PRODUCTS_DIR)/RandomColorChange.app/RandomColorChange";
			};
			name = Debug;
		};
		11015A371C231072002B5656 /* Release */ = {
			isa = XCBuildConfiguration;
			buildSettings = {
				BUNDLE_LOADER = "$(TEST_HOST)";
				INFOPLIST_FILE = RandomColorChangeTests/Info.plist;
				LD_RUNPATH_SEARCH_PATHS = "$(inherited) @executable_path/Frameworks @loader_path/Frameworks";
				PRODUCT_BUNDLE_IDENTIFIER = ctec.RandomColorChangeTests;
				PRODUCT_NAME = "$(TARGET_NAME)";
				TEST_HOST = "$(BUILT_PRODUCTS_DIR)/RandomColorChange.app/RandomColorChange";
			};
			name = Release;
		};
		11015A391C231072002B5656 /* Debug */ = {
			isa = XCBuildConfiguration;
			buildSettings = {
				INFOPLIST_FILE = RandomColorChangeUITests/Info.plist;
				LD_RUNPATH_SEARCH_PATHS = "$(inherited) @executable_path/Frameworks @loader_path/Frameworks";
				PRODUCT_BUNDLE_IDENTIFIER = ctec.RandomColorChangeUITests;
				PRODUCT_NAME = "$(TARGET_NAME)";
				TEST_TARGET_NAME = RandomColorChange;
				USES_XCTRUNNER = YES;
			};
			name = Debug;
		};
		11015A3A1C231072002B5656 /* Release */ = {
			isa = XCBuildConfiguration;
			buildSettings = {
				INFOPLIST_FILE = RandomColorChangeUITests/Info.plist;
				LD_RUNPATH_SEARCH_PATHS = "$(inherited) @executable_path/Frameworks @loader_path/Frameworks";
				PRODUCT_BUNDLE_IDENTIFIER = ctec.RandomColorChangeUITests;
				PRODUCT_NAME = "$(TARGET_NAME)";
				TEST_TARGET_NAME = RandomColorChange;
				USES_XCTRUNNER = YES;
			};
			name = Release;
		};
/* End XCBuildConfiguration section */

/* Begin XCConfigurationList section */
		11015A051C231071002B5656 /* Build configuration list for PBXProject "RandomColorChange" */ = {
			isa = XCConfigurationList;
			buildConfigurations = (
				11015A301C231072002B5656 /* Debug */,
				11015A311C231072002B5656 /* Release */,
			);
			defaultConfigurationIsVisible = 0;
			defaultConfigurationName = Release;
		};
		11015A321C231072002B5656 /* Build configuration list for PBXNativeTarget "RandomColorChange" */ = {
			isa = XCConfigurationList;
			buildConfigurations = (
				11015A331C231072002B5656 /* Debug */,
				11015A341C231072002B5656 /* Release */,
			);
			defaultConfigurationIsVisible = 0;
		};
		11015A351C231072002B5656 /* Build configuration list for PBXNativeTarget "RandomColorChangeTests" */ = {
			isa = XCConfigurationList;
			buildConfigurations = (
				11015A361C231072002B5656 /* Debug */,
				11015A371C231072002B5656 /* Release */,
			);
			defaultConfigurationIsVisible = 0;
		};
		11015A381C231072002B5656 /* Build configuration list for PBXNativeTarget "RandomColorChangeUITests" */ = {
			isa = XCConfigurationList;
			buildConfigurations = (
				11015A391C231072002B5656 /* Debug */,
				11015A3A1C231072002B5656 /* Release */,
			);
			defaultConfigurationIsVisible = 0;
		};
/* End XCConfigurationList section */
	};
	rootObject = 11015A021C231071002B5656 /* Project object */;
}
